
Microsoft Visual Studio Solution File, Format Version 12.00
# Visual Studio 15
VisualStudioVersion = 15.0.33026.149
MinimumVisualStudioVersion = 10.0.40219.1
Project("{FAE04EC0-301F-11D3-BF4B-00C04F79EFBC}") = "ConsultaCEP", "ConsultaCEP.csproj", "{EE03FEE7-04C8-4038-AC92-B90CE8B457DD}"
EndProject
Global
	GlobalSection(SolutionConfigurationPlatforms) = preSolution
		Debug|Any CPU = Debug|Any CPU
		Release|Any CPU = Release|Any CPU
	EndGlobalSection
	GlobalSection(ProjectConfigurationPlatforms) = postSolution
		{EE03FEE7-04C8-4038-AC92-B90CE8B457DD}.Debug|Any CPU.ActiveCfg = Debug|Any CPU
		{EE03FEE7-04C8-4038-AC92-B90CE8B457DD}.Debug|Any CPU.Build.0 = Debug|Any CPU
		{EE03FEE7-04C8-4038-AC92-B90CE8B457DD}.Release|Any CPU.ActiveCfg = Release|Any CPU
		{EE03FEE7-04C8-4038-AC92-B90CE8B457DD}.Release|Any CPU.Build.0 = Release|Any CPU
	EndGlobalSection
	GlobalSection(SolutionProperties) = preSolution
		HideSolutionNode = FALSE
	EndGlobalSection
	GlobalSection(ExtensibilityGlobals) = postSolution
		SolutionGuid = {E9A7ADA4-E751-48E5-BEFF-8B6DD5826908}
	EndGlobalSection
EndGlobal
